
Microsoft Visual Studio Solution File, Format Version 11.00
# Visual Studio 2010
Project("{888888A0-9F3D-457C-B088-3A5042F75D52}") = "Zkzx.Script", "Zkzx.Script.pyproj", "{BE5F11A7-2F86-4122-948F-696B0549852A}"
EndProject
Global
	GlobalSection(SolutionConfigurationPlatforms) = preSolution
		Debug|Any CPU = Debug|Any CPU
		Release|Any CPU = Release|Any CPU
	EndGlobalSection
	GlobalSection(ProjectConfigurationPlatforms) = postSolution
		{BE5F11A7-2F86-4122-948F-696B0549852A}.Debug|Any CPU.ActiveCfg = Debug|Any CPU
		{BE5F11A7-2F86-4122-948F-696B0549852A}.Release|Any CPU.ActiveCfg = Release|Any CPU
	EndGlobalSection
	GlobalSection(SolutionProperties) = preSolution
		HideSolutionNode = FALSE
	EndGlobalSection
EndGlobal
